// !$*UTF8*$!
{
	archiveVersion = 1;
	classes = {
	};
	objectVersion = 50;
	objects = {

/* Begin PBXBuildFile section */
		324E315D75BD8EBC0A953994 /* Pods_FlixsterTests.framework in Frameworks */ = {isa = PBXBuildFile; fileRef = 6D0221CE45484BE78725B868 /* Pods_FlixsterTests.framework */; };
		3AD99B60251676F800F1E9F0 /* AppDelegate.swift in Sources */ = {isa = PBXBuildFile; fileRef = 3AD99B5F251676F800F1E9F0 /* AppDelegate.swift */; };
		3AD99B62251676F800F1E9F0 /* SceneDelegate.swift in Sources */ = {isa = PBXBuildFile; fileRef = 3AD99B61251676F800F1E9F0 /* SceneDelegate.swift */; };
		3AD99B67251676F800F1E9F0 /* Main.storyboard in Resources */ = {isa = PBXBuildFile; fileRef = 3AD99B65251676F800F1E9F0 /* Main.storyboard */; };
		3AD99B69251676FD00F1E9F0 /* Assets.xcassets in Resources */ = {isa = PBXBuildFile; fileRef = 3AD99B68251676FD00F1E9F0 /* Assets.xcassets */; };
		3AD99B6C251676FD00F1E9F0 /* LaunchScreen.storyboard in Resources */ = {isa = PBXBuildFile; fileRef = 3AD99B6A251676FD00F1E9F0 /* LaunchScreen.storyboard */; };
		3AD99B77251676FD00F1E9F0 /* FlixsterTests.swift in Sources */ = {isa = PBXBuildFile; fileRef = 3AD99B76251676FD00F1E9F0 /* FlixsterTests.swift */; };
		3AD99B82251676FD00F1E9F0 /* FlixsterUITests.swift in Sources */ = {isa = PBXBuildFile; fileRef = 3AD99B81251676FD00F1E9F0 /* FlixsterUITests.swift */; };
		3AD99BE225187CAA00F1E9F0 /* MoviesViewController.swift in Sources */ = {isa = PBXBuildFile; fileRef = 3AD99BE125187CAA00F1E9F0 /* MoviesViewController.swift */; };
		3AD99BEA251AB48F00F1E9F0 /* MovieCell.swift in Sources */ = {isa = PBXBuildFile; fileRef = 3AD99BE9251AB48F00F1E9F0 /* MovieCell.swift */; };
		8D4E29A0B5937F057DCD044C /* Pods_Flixster.framework in Frameworks */ = {isa = PBXBuildFile; fileRef = 84AB4DA3DC056684FA8CF9D8 /* Pods_Flixster.framework */; };
		9D9A0296CEF3CC65C33FDCB6 /* Pods_Flixster_FlixsterUITests.framework in Frameworks */ = {isa = PBXBuildFile; fileRef = 56F4A56E50D6443C002A00F1 /* Pods_Flixster_FlixsterUITests.framework */; };
/* End PBXBuildFile section */

/* Begin PBXContainerItemProxy section */
		3AD99B73251676FD00F1E9F0 /* PBXContainerItemProxy */ = {
			isa = PBXContainerItemProxy;
			containerPortal = 3AD99B54251676F800F1E9F0 /* Project object */;
			proxyType = 1;
			remoteGlobalIDString = 3AD99B5B251676F800F1E9F0;
			remoteInfo = Flixster;
		};
		3AD99B7E251676FD00F1E9F0 /* PBXContainerItemProxy */ = {
			isa = PBXContainerItemProxy;
			containerPortal = 3AD99B54251676F800F1E9F0 /* Project object */;
			proxyType = 1;
			remoteGlobalIDString = 3AD99B5B251676F800F1E9F0;
			remoteInfo = Flixster;
		};
/* End PBXContainerItemProxy section */

/* Begin PBXFileReference section */
		3356776C5179E59147996928 /* Pods-FlixsterTests.release.xcconfig */ = {isa = PBXFileReference; includeInIndex = 1; lastKnownFileType = text.xcconfig; name = "Pods-FlixsterTests.release.xcconfig"; path = "Target Support Files/Pods-FlixsterTests/Pods-FlixsterTests.release.xcconfig"; sourceTree = "<group>"; };
		3AD99B5C251676F800F1E9F0 /* Flixster.app */ = {isa = PBXFileReference; explicitFileType = wrapper.application; includeInIndex = 0; path = Flixster.app; sourceTree = BUILT_PRODUCTS_DIR; };
		3AD99B5F251676F800F1E9F0 /* AppDelegate.swift */ = {isa = PBXFileReference; lastKnownFileType = sourcecode.swift; path = AppDelegate.swift; sourceTree = "<group>"; };
		3AD99B61251676F800F1E9F0 /* SceneDelegate.swift */ = {isa = PBXFileReference; lastKnownFileType = sourcecode.swift; path = SceneDelegate.swift; sourceTree = "<group>"; };
		3AD99B66251676F800F1E9F0 /* Base */ = {isa = PBXFileReference; lastKnownFileType = file.storyboard; name = Base; path = Base.lproj/Main.storyboard; sourceTree = "<group>"; };
		3AD99B68251676FD00F1E9F0 /* Assets.xcassets */ = {isa = PBXFileReference; lastKnownFileType = folder.assetcatalog; path = Assets.xcassets; sourceTree = "<group>"; };
		3AD99B6B251676FD00F1E9F0 /* Base */ = {isa = PBXFileReference; lastKnownFileType = file.storyboard; name = Base; path = Base.lproj/LaunchScreen.storyboard; sourceTree = "<group>"; };
		3AD99B6D251676FD00F1E9F0 /* Info.plist */ = {isa = PBXFileReference; lastKnownFileType = text.plist.xml; path = Info.plist; sourceTree = "<group>"; };
		3AD99B72251676FD00F1E9F0 /* FlixsterTests.xctest */ = {isa = PBXFileReference; explicitFileType = wrapper.cfbundle; includeInIndex = 0; path = FlixsterTests.xctest; sourceTree = BUILT_PRODUCTS_DIR; };
		3AD99B76251676FD00F1E9F0 /* FlixsterTests.swift */ = {isa = PBXFileReference; lastKnownFileType = sourcecode.swift; path = FlixsterTests.swift; sourceTree = "<group>"; };
		3AD99B78251676FD00F1E9F0 /* Info.plist */ = {isa = PBXFileReference; lastKnownFileType = text.plist.xml; path = Info.plist; sourceTree = "<group>"; };
		3AD99B7D251676FD00F1E9F0 /* FlixsterUITests.xctest */ = {isa = PBXFileReference; explicitFileType = wrapper.cfbundle; includeInIndex = 0; path = FlixsterUITests.xctest; sourceTree = BUILT_PRODUCTS_DIR; };
		3AD99B81251676FD00F1E9F0 /* FlixsterUITests.swift */ = {isa = PBXFileReference; lastKnownFileType = sourcecode.swift; path = FlixsterUITests.swift; sourceTree = "<group>"; };
		3AD99B83251676FD00F1E9F0 /* Info.plist */ = {isa = PBXFileReference; lastKnownFileType = text.plist.xml; path = Info.plist; sourceTree = "<group>"; };
		3AD99BE125187CAA00F1E9F0 /* MoviesViewController.swift */ = {isa = PBXFileReference; lastKnownFileType = sourcecode.swift; path = MoviesViewController.swift; sourceTree = "<group>"; };
		3AD99BE9251AB48F00F1E9F0 /* MovieCell.swift */ = {isa = PBXFileReference; lastKnownFileType = sourcecode.swift; path = MovieCell.swift; sourceTree = "<group>"; };
		4856F56083A235F600ABEFA8 /* Pods-Flixster-FlixsterUITests.release.xcconfig */ = {isa = PBXFileReference; includeInIndex = 1; lastKnownFileType = text.xcconfig; name = "Pods-Flixster-FlixsterUITests.release.xcconfig"; path = "Target Support Files/Pods-Flixster-FlixsterUITests/Pods-Flixster-FlixsterUITests.release.xcconfig"; sourceTree = "<group>"; };
		5257556277D2458E02A1610B /* Pods-Flixster.debug.xcconfig */ = {isa = PBXFileReference; includeInIndex = 1; lastKnownFileType = text.xcconfig; name = "Pods-Flixster.debug.xcconfig"; path = "Target Support Files/Pods-Flixster/Pods-Flixster.debug.xcconfig"; sourceTree = "<group>"; };
		56F4A56E50D6443C002A00F1 /* Pods_Flixster_FlixsterUITests.framework */ = {isa = PBXFileReference; explicitFileType = wrapper.framework; includeInIndex = 0; path = Pods_Flixster_FlixsterUITests.framework; sourceTree = BUILT_PRODUCTS_DIR; };
		6D0221CE45484BE78725B868 /* Pods_FlixsterTests.framework */ = {isa = PBXFileReference; explicitFileType = wrapper.framework; includeInIndex = 0; path = Pods_FlixsterTests.framework; sourceTree = BUILT_PRODUCTS_DIR; };
		7CD32C10D1F545F3F1934944 /* Pods-Flixster-FlixsterUITests.debug.xcconfig */ = {isa = PBXFileReference; includeInIndex = 1; lastKnownFileType = text.xcconfig; name = "Pods-Flixster-FlixsterUITests.debug.xcconfig"; path = "Target Support Files/Pods-Flixster-FlixsterUITests/Pods-Flixster-FlixsterUITests.debug.xcconfig"; sourceTree = "<group>"; };
		84AB4DA3DC056684FA8CF9D8 /* Pods_Flixster.framework */ = {isa = PBXFileReference; explicitFileType = wrapper.framework; includeInIndex = 0; path = Pods_Flixster.framework; sourceTree = BUILT_PRODUCTS_DIR; };
		A7C1E7854E2DE60619BA7A55 /* Pods-Flixster.release.xcconfig */ = {isa = PBXFileReference; includeInIndex = 1; lastKnownFileType = text.xcconfig; name = "Pods-Flixster.release.xcconfig"; path = "Target Support Files/Pods-Flixster/Pods-Flixster.release.xcconfig"; sourceTree = "<group>"; };
		B932ACEB46B5A2B9D909DECA /* Pods-FlixsterTests.debug.xcconfig */ = {isa = PBXFileReference; includeInIndex = 1; lastKnownFileType = text.xcconfig; name = "Pods-FlixsterTests.debug.xcconfig"; path = "Target Support Files/Pods-FlixsterTests/Pods-FlixsterTests.debug.xcconfig"; sourceTree = "<group>"; };
/* End PBXFileReference section */

/* Begin PBXFrameworksBuildPhase section */
		3AD99B59251676F800F1E9F0 /* Frameworks */ = {
			isa = PBXFrameworksBuildPhase;
			buildActionMask = 2147483647;
			files = (
				8D4E29A0B5937F057DCD044C /* Pods_Flixster.framework in Frameworks */,
			);
			runOnlyForDeploymentPostprocessing = 0;
		};
		3AD99B6F251676FD00F1E9F0 /* Frameworks */ = {
			isa = PBXFrameworksBuildPhase;
			buildActionMask = 2147483647;
			files = (
				324E315D75BD8EBC0A953994 /* Pods_FlixsterTests.framework in Frameworks */,
			);
			runOnlyForDeploymentPostprocessing = 0;
		};
		3AD99B7A251676FD00F1E9F0 /* Frameworks */ = {
			isa = PBXFrameworksBuildPhase;
			buildActionMask = 2147483647;
			files = (
				9D9A0296CEF3CC65C33FDCB6 /* Pods_Flixster_FlixsterUITests.framework in Frameworks */,
			);
			runOnlyForDeploymentPostprocessing = 0;
		};
/* End PBXFrameworksBuildPhase section */

/* Begin PBXGroup section */
		2418F9223688C476147E38C2 /* Pods */ = {
			isa = PBXGroup;
			children = (
				5257556277D2458E02A1610B /* Pods-Flixster.debug.xcconfig */,
				A7C1E7854E2DE60619BA7A55 /* Pods-Flixster.release.xcconfig */,
				7CD32C10D1F545F3F1934944 /* Pods-Flixster-FlixsterUITests.debug.xcconfig */,
				4856F56083A235F600ABEFA8 /* Pods-Flixster-FlixsterUITests.release.xcconfig */,
				B932ACEB46B5A2B9D909DECA /* Pods-FlixsterTests.debug.xcconfig */,
				3356776C5179E59147996928 /* Pods-FlixsterTests.release.xcconfig */,
			);
			name = Pods;
			path = Pods;
			sourceTree = "<group>";
		};
		3AD99B53251676F800F1E9F0 = {
			isa = PBXGroup;
			children = (
				3AD99B5E251676F800F1E9F0 /* Flixster */,
				3AD99B75251676FD00F1E9F0 /* FlixsterTests */,
				3AD99B80251676FD00F1E9F0 /* FlixsterUITests */,
				3AD99B5D251676F800F1E9F0 /* Products */,
				2418F9223688C476147E38C2 /* Pods */,
				9BBDB7B6AE3FA1A6E262266A /* Frameworks */,
			);
			sourceTree = "<group>";
		};
		3AD99B5D251676F800F1E9F0 /* Products */ = {
			isa = PBXGroup;
			children = (
				3AD99B5C251676F800F1E9F0 /* Flixster.app */,
				3AD99B72251676FD00F1E9F0 /* FlixsterTests.xctest */,
				3AD99B7D251676FD00F1E9F0 /* FlixsterUITests.xctest */,
			);
			name = Products;
			sourceTree = "<group>";
		};
		3AD99B5E251676F800F1E9F0 /* Flixster */ = {
			isa = PBXGroup;
			children = (
				3AD99B5F251676F800F1E9F0 /* AppDelegate.swift */,
				3AD99B61251676F800F1E9F0 /* SceneDelegate.swift */,
				3AD99B65251676F800F1E9F0 /* Main.storyboard */,
				3AD99BE9251AB48F00F1E9F0 /* MovieCell.swift */,
				3AD99B68251676FD00F1E9F0 /* Assets.xcassets */,
				3AD99B6A251676FD00F1E9F0 /* LaunchScreen.storyboard */,
				3AD99BE125187CAA00F1E9F0 /* MoviesViewController.swift */,
				3AD99B6D251676FD00F1E9F0 /* Info.plist */,
			);
			path = Flixster;
			sourceTree = "<group>";
		};
		3AD99B75251676FD00F1E9F0 /* FlixsterTests */ = {
			isa = PBXGroup;
			children = (
				3AD99B76251676FD00F1E9F0 /* FlixsterTests.swift */,
				3AD99B78251676FD00F1E9F0 /* Info.plist */,
			);
			path = FlixsterTests;
			sourceTree = "<group>";
		};
		3AD99B80251676FD00F1E9F0 /* FlixsterUITests */ = {
			isa = PBXGroup;
			children = (
				3AD99B81251676FD00F1E9F0 /* FlixsterUITests.swift */,
				3AD99B83251676FD00F1E9F0 /* Info.plist */,
			);
			path = FlixsterUITests;
			sourceTree = "<group>";
		};
		9BBDB7B6AE3FA1A6E262266A /* Frameworks */ = {
			isa = PBXGroup;
			children = (
				84AB4DA3DC056684FA8CF9D8 /* Pods_Flixster.framework */,
				56F4A56E50D6443C002A00F1 /* Pods_Flixster_FlixsterUITests.framework */,
				6D0221CE45484BE78725B868 /* Pods_FlixsterTests.framework */,
			);
			name = Frameworks;
			sourceTree = "<group>";
		};
/* End PBXGroup section */

/* Begin PBXNativeTarget section */
		3AD99B5B251676F800F1E9F0 /* Flixster */ = {
			isa = PBXNativeTarget;
			buildConfigurationList = 3AD99B86251676FD00F1E9F0 /* Build configuration list for PBXNativeTarget "Flixster" */;
			buildPhases = (
				C01000C811399E277E4A29C7 /* [CP] Check Pods Manifest.lock */,
				3AD99B58251676F800F1E9F0 /* Sources */,
				3AD99B59251676F800F1E9F0 /* Frameworks */,
				3AD99B5A251676F800F1E9F0 /* Resources */,
				54F0F6155C8CE388DEF1570B /* [CP] Embed Pods Frameworks */,
			);
			buildRules = (
			);
			dependencies = (
			);
			name = Flixster;
			productName = Flixster;
			productReference = 3AD99B5C251676F800F1E9F0 /* Flixster.app */;
			productType = "com.apple.product-type.application";
		};
		3AD99B71251676FD00F1E9F0 /* FlixsterTests */ = {
			isa = PBXNativeTarget;
			buildConfigurationList = 3AD99B89251676FD00F1E9F0 /* Build configuration list for PBXNativeTarget "FlixsterTests" */;
			buildPhases = (
				8BD1B527149DB3B7922C8228 /* [CP] Check Pods Manifest.lock */,
				3AD99B6E251676FD00F1E9F0 /* Sources */,
				3AD99B6F251676FD00F1E9F0 /* Frameworks */,
				3AD99B70251676FD00F1E9F0 /* Resources */,
			);
			buildRules = (
			);
			dependencies = (
				3AD99B74251676FD00F1E9F0 /* PBXTargetDependency */,
			);
			name = FlixsterTests;
			productName = FlixsterTests;
			productReference = 3AD99B72251676FD00F1E9F0 /* FlixsterTests.xctest */;
			productType = "com.apple.product-type.bundle.unit-test";
		};
		3AD99B7C251676FD00F1E9F0 /* FlixsterUITests */ = {
			isa = PBXNativeTarget;
			buildConfigurationList = 3AD99B8C251676FD00F1E9F0 /* Build configuration list for PBXNativeTarget "FlixsterUITests" */;
			buildPhases = (
				83153FEC6EE076915BA74B5F /* [CP] Check Pods Manifest.lock */,
				3AD99B79251676FD00F1E9F0 /* Sources */,
				3AD99B7A251676FD00F1E9F0 /* Frameworks */,
				3AD99B7B251676FD00F1E9F0 /* Resources */,
				6875F624D026F027CE4CA64C /* [CP] Embed Pods Frameworks */,
			);
			buildRules = (
			);
			dependencies = (
				3AD99B7F251676FD00F1E9F0 /* PBXTargetDependency */,
			);
			name = FlixsterUITests;
			productName = FlixsterUITests;
			productReference = 3AD99B7D251676FD00F1E9F0 /* FlixsterUITests.xctest */;
			productType = "com.apple.product-type.bundle.ui-testing";
		};
/* End PBXNativeTarget section */

/* Begin PBXProject section */
		3AD99B54251676F800F1E9F0 /* Project object */ = {
			isa = PBXProject;
			attributes = {
				LastSwiftUpdateCheck = 1200;
				LastUpgradeCheck = 1200;
				TargetAttributes = {
					3AD99B5B251676F800F1E9F0 = {
						CreatedOnToolsVersion = 12.0;
					};
					3AD99B71251676FD00F1E9F0 = {
						CreatedOnToolsVersion = 12.0;
						TestTargetID = 3AD99B5B251676F800F1E9F0;
					};
					3AD99B7C251676FD00F1E9F0 = {
						CreatedOnToolsVersion = 12.0;
						TestTargetID = 3AD99B5B251676F800F1E9F0;
					};
				};
			};
			buildConfigurationList = 3AD99B57251676F800F1E9F0 /* Build configuration list for PBXProject "Flixster" */;
			compatibilityVersion = "Xcode 9.3";
			developmentRegion = en;
			hasScannedForEncodings = 0;
			knownRegions = (
				en,
				Base,
			);
			mainGroup = 3AD99B53251676F800F1E9F0;
			productRefGroup = 3AD99B5D251676F800F1E9F0 /* Products */;
			projectDirPath = "";
			projectRoot = "";
			targets = (
				3AD99B5B251676F800F1E9F0 /* Flixster */,
				3AD99B71251676FD00F1E9F0 /* FlixsterTests */,
				3AD99B7C251676FD00F1E9F0 /* FlixsterUITests */,
			);
		};
/* End PBXProject section */

/* Begin PBXResourcesBuildPhase section */
		3AD99B5A251676F800F1E9F0 /* Resources */ = {
			isa = PBXResourcesBuildPhase;
			buildActionMask = 2147483647;
			files = (
				3AD99B6C251676FD00F1E9F0 /* LaunchScreen.storyboard in Resources */,
				3AD99B69251676FD00F1E9F0 /* Assets.xcassets in Resources */,
				3AD99B67251676F800F1E9F0 /* Main.storyboard in Resources */,
			);
			runOnlyForDeploymentPostprocessing = 0;
		};
		3AD99B70251676FD00F1E9F0 /* Resources */ = {
			isa = PBXResourcesBuildPhase;
			buildActionMask = 2147483647;
			files = (
			);
			runOnlyForDeploymentPostprocessing = 0;
		};
		3AD99B7B251676FD00F1E9F0 /* Resources */ = {
			isa = PBXResourcesBuildPhase;
			buildActionMask = 2147483647;
			files = (
			);
			runOnlyForDeploymentPostprocessing = 0;
		};
/* End PBXResourcesBuildPhase section */

/* Begin PBXShellScriptBuildPhase section */
		54F0F6155C8CE388DEF1570B /* [CP] Embed Pods Frameworks */ = {
			isa = PBXShellScriptBuildPhase;
			buildActionMask = 2147483647;
			files = (
			);
			inputFileListPaths = (
				"${PODS_ROOT}/Target Support Files/Pods-Flixster/Pods-Flixster-frameworks-${CONFIGURATION}-input-files.xcfilelist",
			);
			name = "[CP] Embed Pods Frameworks";
			outputFileListPaths = (
				"${PODS_ROOT}/Target Support Files/Pods-Flixster/Pods-Flixster-frameworks-${CONFIGURATION}-output-files.xcfilelist",
			);
			runOnlyForDeploymentPostprocessing = 0;
			shellPath = /bin/sh;
			shellScript = "\"${PODS_ROOT}/Target Support Files/Pods-Flixster/Pods-Flixster-frameworks.sh\"\n";
			showEnvVarsInLog = 0;
		};
		6875F624D026F027CE4CA64C /* [CP] Embed Pods Frameworks */ = {
			isa = PBXShellScriptBuildPhase;
			buildActionMask = 2147483647;
			files = (
			);
			inputFileListPaths = (
				"${PODS_ROOT}/Target Support Files/Pods-Flixster-FlixsterUITests/Pods-Flixster-FlixsterUITests-frameworks-${CONFIGURATION}-input-files.xcfilelist",
			);
			name = "[CP] Embed Pods Frameworks";
			outputFileListPaths = (
				"${PODS_ROOT}/Target Support Files/Pods-Flixster-FlixsterUITests/Pods-Flixster-FlixsterUITests-frameworks-${CONFIGURATION}-output-files.xcfilelist",
			);
			runOnlyForDeploymentPostprocessing = 0;
			shellPath = /bin/sh;
			shellScript = "\"${PODS_ROOT}/Target Support Files/Pods-Flixster-FlixsterUITests/Pods-Flixster-FlixsterUITests-frameworks.sh\"\n";
			showEnvVarsInLog = 0;
		};
		83153FEC6EE076915BA74B5F /* [CP] Check Pods Manifest.lock */ = {
			isa = PBXShellScriptBuildPhase;
			buildActionMask = 2147483647;
			files = (
			);
			inputFileListPaths = (
			);
			inputPaths = (
				"${PODS_PODFILE_DIR_PATH}/Podfile.lock",
				"${PODS_ROOT}/Manifest.lock",
			);
			name = "[CP] Check Pods Manifest.lock";
			outputFileListPaths = (
			);
			outputPaths = (
				"$(DERIVED_FILE_DIR)/Pods-Flixster-FlixsterUITests-checkManifestLockResult.txt",
			);
			runOnlyForDeploymentPostprocessing = 0;
			shellPath = /bin/sh;
			shellScript = "diff \"${PODS_PODFILE_DIR_PATH}/Podfile.lock\" \"${PODS_ROOT}/Manifest.lock\" > /dev/null\nif [ $? != 0 ] ; then\n    # print error to STDERR\n    echo \"error: The sandbox is not in sync with the Podfile.lock. Run 'pod install' or update your CocoaPods installation.\" >&2\n    exit 1\nfi\n# This output is used by Xcode 'outputs' to avoid re-running this script phase.\necho \"SUCCESS\" > \"${SCRIPT_OUTPUT_FILE_0}\"\n";
			showEnvVarsInLog = 0;
		};
		8BD1B527149DB3B7922C8228 /* [CP] Check Pods Manifest.lock */ = {
			isa = PBXShellScriptBuildPhase;
			buildActionMask = 2147483647;
			files = (
			);
			inputFileListPaths = (
			);
			inputPaths = (
				"${PODS_PODFILE_DIR_PATH}/Podfile.lock",
				"${PODS_ROOT}/Manifest.lock",
			);
			name = "[CP] Check Pods Manifest.lock";
			outputFileListPaths = (
			);
			outputPaths = (
				"$(DERIVED_FILE_DIR)/Pods-FlixsterTests-checkManifestLockResult.txt",
			);
			runOnlyForDeploymentPostprocessing = 0;
			shellPath = /bin/sh;
			shellScript = "diff \"${PODS_PODFILE_DIR_PATH}/Podfile.lock\" \"${PODS_ROOT}/Manifest.lock\" > /dev/null\nif [ $? != 0 ] ; then\n    # print error to STDERR\n    echo \"error: The sandbox is not in sync with the Podfile.lock. Run 'pod install' or update your CocoaPods installation.\" >&2\n    exit 1\nfi\n# This output is used by Xcode 'outputs' to avoid re-running this script phase.\necho \"SUCCESS\" > \"${SCRIPT_OUTPUT_FILE_0}\"\n";
			showEnvVarsInLog = 0;
		};
		C01000C811399E277E4A29C7 /* [CP] Check Pods Manifest.lock */ = {
			isa = PBXShellScriptBuildPhase;
			buildActionMask = 2147483647;
			files = (
			);
			inputFileListPaths = (
			);
			inputPaths = (
				"${PODS_PODFILE_DIR_PATH}/Podfile.lock",
				"${PODS_ROOT}/Manifest.lock",
			);
			name = "[CP] Check Pods Manifest.lock";
			outputFileListPaths = (
			);
			outputPaths = (
				"$(DERIVED_FILE_DIR)/Pods-Flixster-checkManifestLockResult.txt",
			);
			runOnlyForDeploymentPostprocessing = 0;
			shellPath = /bin/sh;
			shellScript = "diff \"${PODS_PODFILE_DIR_PATH}/Podfile.lock\" \"${PODS_ROOT}/Manifest.lock\" > /dev/null\nif [ $? != 0 ] ; then\n    # print error to STDERR\n    echo \"error: The sandbox is not in sync with the Podfile.lock. Run 'pod install' or update your CocoaPods installation.\" >&2\n    exit 1\nfi\n# This output is used by Xcode 'outputs' to avoid re-running this script phase.\necho \"SUCCESS\" > \"${SCRIPT_OUTPUT_FILE_0}\"\n";
			showEnvVarsInLog = 0;
		};
/* End PBXShellScriptBuildPhase section */

/* Begin PBXSourcesBuildPhase section */
		3AD99B58251676F800F1E9F0 /* Sources */ = {
			isa = PBXSourcesBuildPhase;
			buildActionMask = 2147483647;
			files = (
				3AD99B60251676F800F1E9F0 /* AppDelegate.swift in Sources */,
				3AD99B62251676F800F1E9F0 /* SceneDelegate.swift in Sources */,
				3AD99BEA251AB48F00F1E9F0 /* MovieCell.swift in Sources */,
				3AD99BE225187CAA00F1E9F0 /* MoviesViewController.swift in Sources */,
			);
			runOnlyForDeploymentPostprocessing = 0;
		};
		3AD99B6E251676FD00F1E9F0 /* Sources */ = {
			isa = PBXSourcesBuildPhase;
			buildActionMask = 2147483647;
			files = (
				3AD99B77251676FD00F1E9F0 /* FlixsterTests.swift in Sources */,
			);
			runOnlyForDeploymentPostprocessing = 0;
		};
		3AD99B79251676FD00F1E9F0 /* Sources */ = {
			isa = PBXSourcesBuildPhase;
			buildActionMask = 2147483647;
			files = (
				3AD99B82251676FD00F1E9F0 /* FlixsterUITests.swift in Sources */,
			);
			runOnlyForDeploymentPostprocessing = 0;
		};
/* End PBXSourcesBuildPhase section */

/* Begin PBXTargetDependency section */
		3AD99B74251676FD00F1E9F0 /* PBXTargetDependency */ = {
			isa = PBXTargetDependency;
			target = 3AD99B5B251676F800F1E9F0 /* Flixster */;
			targetProxy = 3AD99B73251676FD00F1E9F0 /* PBXContainerItemProxy */;
		};
		3AD99B7F251676FD00F1E9F0 /* PBXTargetDependency */ = {
			isa = PBXTargetDependency;
			target = 3AD99B5B251676F800F1E9F0 /* Flixster */;
			targetProxy = 3AD99B7E251676FD00F1E9F0 /* PBXContainerItemProxy */;
		};
/* End PBXTargetDependency section */

/* Begin PBXVariantGroup section */
		3AD99B65251676F800F1E9F0 /* Main.storyboard */ = {
			isa = PBXVariantGroup;
			children = (
				3AD99B66251676F800F1E9F0 /* Base */,
			);
			name = Main.storyboard;
			sourceTree = "<group>";
		};
		3AD99B6A251676FD00F1E9F0 /* LaunchScreen.storyboard */ = {
			isa = PBXVariantGroup;
			children = (
				3AD99B6B251676FD00F1E9F0 /* Base */,
			);
			name = LaunchScreen.storyboard;
			sourceTree = "<group>";
		};
/* End PBXVariantGroup section */

/* Begin XCBuildConfiguration section */
		3AD99B84251676FD00F1E9F0 /* Debug */ = {
			isa = XCBuildConfiguration;
			buildSettings = {
				ALWAYS_SEARCH_USER_PATHS = NO;
				CLANG_ANALYZER_NONNULL = YES;
				CLANG_ANALYZER_NUMBER_OBJECT_CONVERSION = YES_AGGRESSIVE;
				CLANG_CXX_LANGUAGE_STANDARD = "gnu++14";
				CLANG_CXX_LIBRARY = "libc++";
				CLANG_ENABLE_MODULES = YES;
				CLANG_ENABLE_OBJC_ARC = YES;
				CLANG_ENABLE_OBJC_WEAK = YES;
				CLANG_WARN_BLOCK_CAPTURE_AUTORELEASING = YES;
				CLANG_WARN_BOOL_CONVERSION = YES;
				CLANG_WARN_COMMA = YES;
				CLANG_WARN_CONSTANT_CONVERSION = YES;
				CLANG_WARN_DEPRECATED_OBJC_IMPLEMENTATIONS = YES;
				CLANG_WARN_DIRECT_OBJC_ISA_USAGE = YES_ERROR;
				CLANG_WARN_DOCUMENTATION_COMMENTS = YES;
				CLANG_WARN_EMPTY_BODY = YES;
				CLANG_WARN_ENUM_CONVERSION = YES;
				CLANG_WARN_INFINITE_RECURSION = YES;
				CLANG_WARN_INT_CONVERSION = YES;
				CLANG_WARN_NON_LITERAL_NULL_CONVERSION = YES;
				CLANG_WARN_OBJC_IMPLICIT_RETAIN_SELF = YES;
				CLANG_WARN_OBJC_LITERAL_CONVERSION = YES;
				CLANG_WARN_OBJC_ROOT_CLASS = YES_ERROR;
				CLANG_WARN_QUOTED_INCLUDE_IN_FRAMEWORK_HEADER = YES;
				CLANG_WARN_RANGE_LOOP_ANALYSIS = YES;
				CLANG_WARN_STRICT_PROTOTYPES = YES;
				CLANG_WARN_SUSPICIOUS_MOVE = YES;
				CLANG_WARN_UNGUARDED_AVAILABILITY = YES_AGGRESSIVE;
				CLANG_WARN_UNREACHABLE_CODE = YES;
				CLANG_WARN__DUPLICATE_METHOD_MATCH = YES;
				COPY_PHASE_STRIP = NO;
				DEBUG_INFORMATION_FORMAT = dwarf;
				ENABLE_STRICT_OBJC_MSGSEND = YES;
				ENABLE_TESTABILITY = YES;
				GCC_C_LANGUAGE_STANDARD = gnu11;
				GCC_DYNAMIC_NO_PIC = NO;
				GCC_NO_COMMON_BLOCKS = YES;
				GCC_OPTIMIZATION_LEVEL = 0;
				GCC_PREPROCESSOR_DEFINITIONS = (
					"DEBUG=1",
					"$(inherited)",
				);
				GCC_WARN_64_TO_32_BIT_CONVERSION = YES;
				GCC_WARN_ABOUT_RETURN_TYPE = YES_ERROR;
				GCC_WARN_UNDECLARED_SELECTOR = YES;
				GCC_WARN_UNINITIALIZED_AUTOS = YES_AGGRESSIVE;
				GCC_WARN_UNUSED_FUNCTION = YES;
				GCC_WARN_UNUSED_VARIABLE = YES;
				IPHONEOS_DEPLOYMENT_TARGET = 14.0;
				MTL_ENABLE_DEBUG_INFO = INCLUDE_SOURCE;
				MTL_FAST_MATH = YES;
				ONLY_ACTIVE_ARCH = YES;
				SDKROOT = iphoneos;
				SWIFT_ACTIVE_COMPILATION_CONDITIONS = DEBUG;
				SWIFT_OPTIMIZATION_LEVEL = "-Onone";
			};
			name = Debug;
		};
		3AD99B85251676FD00F1E9F0 /* Release */ = {
			isa = XCBuildConfiguration;
			buildSettings = {
				ALWAYS_SEARCH_USER_PATHS = NO;
				CLANG_ANALYZER_NONNULL = YES;
				CLANG_ANALYZER_NUMBER_OBJECT_CONVERSION = YES_AGGRESSIVE;
				CLANG_CXX_LANGUAGE_STANDARD = "gnu++14";
				CLANG_CXX_LIBRARY = "libc++";
				CLANG_ENABLE_MODULES = YES;
				CLANG_ENABLE_OBJC_ARC = YES;
				CLANG_ENABLE_OBJC_WEAK = YES;
				CLANG_WARN_BLOCK_CAPTURE_AUTORELEASING = YES;
				CLANG_WARN_BOOL_CONVERSION = YES;
				CLANG_WARN_COMMA = YES;
				CLANG_WARN_CONSTANT_CONVERSION = YES;
				CLANG_WARN_DEPRECATED_OBJC_IMPLEMENTATIONS = YES;
				CLANG_WARN_DIRECT_OBJC_ISA_USAGE = YES_ERROR;
				CLANG_WARN_DOCUMENTATION_COMMENTS = YES;
				CLANG_WARN_EMPTY_BODY = YES;
				CLANG_WARN_ENUM_CONVERSION = YES;
				CLANG_WARN_INFINITE_RECURSION = YES;
				CLANG_WARN_INT_CONVERSION = YES;
				CLANG_WARN_NON_LITERAL_NULL_CONVERSION = YES;
				CLANG_WARN_OBJC_IMPLICIT_RETAIN_SELF = YES;
				CLANG_WARN_OBJC_LITERAL_CONVERSION = YES;
				CLANG_WARN_OBJC_ROOT_CLASS = YES_ERROR;
				CLANG_WARN_QUOTED_INCLUDE_IN_FRAMEWORK_HEADER = YES;
				CLANG_WARN_RANGE_LOOP_ANALYSIS = YES;
				CLANG_WARN_STRICT_PROTOTYPES = YES;
				CLANG_WARN_SUSPICIOUS_MOVE = YES;
				CLANG_WARN_UNGUARDED_AVAILABILITY = YES_AGGRESSIVE;
				CLANG_WARN_UNREACHABLE_CODE = YES;
				CLANG_WARN__DUPLICATE_METHOD_MATCH = YES;
				COPY_PHASE_STRIP = NO;
				DEBUG_INFORMATION_FORMAT = "dwarf-with-dsym";
				ENABLE_NS_ASSERTIONS = NO;
				ENABLE_STRICT_OBJC_MSGSEND = YES;
				GCC_C_LANGUAGE_STANDARD = gnu11;
				GCC_NO_COMMON_BLOCKS = YES;
				GCC_WARN_64_TO_32_BIT_CONVERSION = YES;
				GCC_WARN_ABOUT_RETURN_TYPE = YES_ERROR;
				GCC_WARN_UNDECLARED_SELECTOR = YES;
				GCC_WARN_UNINITIALIZED_AUTOS = YES_AGGRESSIVE;
				GCC_WARN_UNUSED_FUNCTION = YES;
				GCC_WARN_UNUSED_VARIABLE = YES;
				IPHONEOS_DEPLOYMENT_TARGET = 14.0;
				MTL_ENABLE_DEBUG_INFO = NO;
				MTL_FAST_MATH = YES;
				SDKROOT = iphoneos;
				SWIFT_COMPILATION_MODE = wholemodule;
				SWIFT_OPTIMIZATION_LEVEL = "-O";
				VALIDATE_PRODUCT = YES;
			};
			name = Release;
		};
		3AD99B87251676FD00F1E9F0 /* Debug */ = {
			isa = XCBuildConfiguration;
			baseConfigurationReference = 5257556277D2458E02A1610B /* Pods-Flixster.debug.xcconfig */;
			buildSettings = {
				ASSETCATALOG_COMPILER_APPICON_NAME = AppIcon;
				ASSETCATALOG_COMPILER_GLOBAL_ACCENT_COLOR_NAME = AccentColor;
				CODE_SIGN_STYLE = Automatic;
				INFOPLIST_FILE = Flixster/Info.plist;
				LD_RUNPATH_SEARCH_PATHS = (
					"$(inherited)",
					"@executable_path/Frameworks",
				);
				PRODUCT_BUNDLE_IDENTIFIER = ps.Flixster;
				PRODUCT_NAME = "$(TARGET_NAME)";
				SWIFT_VERSION = 5.0;
				TARGETED_DEVICE_FAMILY = "1,2";
			};
			name = Debug;
		};
		3AD99B88251676FD00F1E9F0 /* Release */ = {
			isa = XCBuildConfiguration;
			baseConfigurationReference = A7C1E7854E2DE60619BA7A55 /* Pods-Flixster.release.xcconfig */;
			buildSettings = {
				ASSETCATALOG_COMPILER_APPICON_NAME = AppIcon;
				ASSETCATALOG_COMPILER_GLOBAL_ACCENT_COLOR_NAME = AccentColor;
				CODE_SIGN_STYLE = Automatic;
				INFOPLIST_FILE = Flixster/Info.plist;
				LD_RUNPATH_SEARCH_PATHS = (
					"$(inherited)",
					"@executable_path/Frameworks",
				);
				PRODUCT_BUNDLE_IDENTIFIER = ps.Flixster;
				PRODUCT_NAME = "$(TARGET_NAME)";
				SWIFT_VERSION = 5.0;
				TARGETED_DEVICE_FAMILY = "1,2";
			};
			name = Release;
		};
		3AD99B8A251676FD00F1E9F0 /* Debug */ = {
			isa = XCBuildConfiguration;
			baseConfigurationReference = B932ACEB46B5A2B9D909DECA /* Pods-FlixsterTests.debug.xcconfig */;
			buildSettings = {
				ALWAYS_EMBED_SWIFT_STANDARD_LIBRARIES = YES;
				BUNDLE_LOADER = "$(TEST_HOST)";
				CODE_SIGN_STYLE = Automatic;
				INFOPLIST_FILE = FlixsterTests/Info.plist;
				IPHONEOS_DEPLOYMENT_TARGET = 14.0;
				LD_RUNPATH_SEARCH_PATHS = (
					"$(inherited)",
					"@executable_path/Frameworks",
					"@loader_path/Frameworks",
				);
				PRODUCT_BUNDLE_IDENTIFIER = ps.FlixsterTests;
				PRODUCT_NAME = "$(TARGET_NAME)";
				SWIFT_VERSION = 5.0;
				TARGETED_DEVICE_FAMILY = "1,2";
				TEST_HOST = "$(BUILT_PRODUCTS_DIR)/Flixster.app/Flixster";
			};
			name = Debug;
		};
		3AD99B8B251676FD00F1E9F0 /* Release */ = {
			isa = XCBuildConfiguration;
			baseConfigurationReference = 3356776C5179E59147996928 /* Pods-FlixsterTests.release.xcconfig */;
			buildSettings = {
				ALWAYS_EMBED_SWIFT_STANDARD_LIBRARIES = YES;
				BUNDLE_LOADER = "$(TEST_HOST)";
				CODE_SIGN_STYLE = Automatic;
				INFOPLIST_FILE = FlixsterTests/Info.plist;
				IPHONEOS_DEPLOYMENT_TARGET = 14.0;
				LD_RUNPATH_SEARCH_PATHS = (
					"$(inherited)",
					"@executable_path/Frameworks",
					"@loader_path/Frameworks",
				);
				PRODUCT_BUNDLE_IDENTIFIER = ps.FlixsterTests;
				PRODUCT_NAME = "$(TARGET_NAME)";
				SWIFT_VERSION = 5.0;
				TARGETED_DEVICE_FAMILY = "1,2";
				TEST_HOST = "$(BUILT_PRODUCTS_DIR)/Flixster.app/Flixster";
			};
			name = Release;
		};
		3AD99B8D251676FD00F1E9F0 /* Debug */ = {
			isa = XCBuildConfiguration;
			baseConfigurationReference = 7CD32C10D1F545F3F1934944 /* Pods-Flixster-FlixsterUITests.debug.xcconfig */;
			buildSettings = {
				ALWAYS_EMBED_SWIFT_STANDARD_LIBRARIES = YES;
				CODE_SIGN_STYLE = Automatic;
				INFOPLIST_FILE = FlixsterUITests/Info.plist;
				LD_RUNPATH_SEARCH_PATHS = (
					"$(inherited)",
					"@executable_path/Frameworks",
					"@loader_path/Frameworks",
				);
				PRODUCT_BUNDLE_IDENTIFIER = ps.FlixsterUITests;
				PRODUCT_NAME = "$(TARGET_NAME)";
				SWIFT_VERSION = 5.0;
				TARGETED_DEVICE_FAMILY = "1,2";
				TEST_TARGET_NAME = Flixster;
			};
			name = Debug;
		};
		3AD99B8E251676FD00F1E9F0 /* Release */ = {
			isa = XCBuildConfiguration;
			baseConfigurationReference = 4856F56083A235F600ABEFA8 /* Pods-Flixster-FlixsterUITests.release.xcconfig */;
			buildSettings = {
				ALWAYS_EMBED_SWIFT_STANDARD_LIBRARIES = YES;
				CODE_SIGN_STYLE = Automatic;
				INFOPLIST_FILE = FlixsterUITests/Info.plist;
				LD_RUNPATH_SEARCH_PATHS = (
					"$(inherited)",
					"@executable_path/Frameworks",
					"@loader_path/Frameworks",
				);
				PRODUCT_BUNDLE_IDENTIFIER = ps.FlixsterUITests;
				PRODUCT_NAME = "$(TARGET_NAME)";
				SWIFT_VERSION = 5.0;
				TARGETED_DEVICE_FAMILY = "1,2";
				TEST_TARGET_NAME = Flixster;
			};
			name = Release;
		};
/* End XCBuildConfiguration section */

/* Begin XCConfigurationList section */
		3AD99B57251676F800F1E9F0 /* Build configuration list for PBXProject "Flixster" */ = {
			isa = XCConfigurationList;
			buildConfigurations = (
				3AD99B84251676FD00F1E9F0 /* Debug */,
				3AD99B85251676FD00F1E9F0 /* Release */,
			);
			defaultConfigurationIsVisible = 0;
			defaultConfigurationName = Release;
		};
		3AD99B86251676FD00F1E9F0 /* Build configuration list for PBXNativeTarget "Flixster" */ = {
			isa = XCConfigurationList;
			buildConfigurations = (
				3AD99B87251676FD00F1E9F0 /* Debug */,
				3AD99B88251676FD00F1E9F0 /* Release */,
			);
			defaultConfigurationIsVisible = 0;
			defaultConfigurationName = Release;
		};
		3AD99B89251676FD00F1E9F0 /* Build configuration list for PBXNativeTarget "FlixsterTests" */ = {
			isa = XCConfigurationList;
			buildConfigurations = (
				3AD99B8A251676FD00F1E9F0 /* Debug */,
				3AD99B8B251676FD00F1E9F0 /* Release */,
			);
			defaultConfigurationIsVisible = 0;
			defaultConfigurationName = Release;
		};
		3AD99B8C251676FD00F1E9F0 /* Build configuration list for PBXNativeTarget "FlixsterUITests" */ = {
			isa = XCConfigurationList;
			buildConfigurations = (
				3AD99B8D251676FD00F1E9F0 /* Debug */,
				3AD99B8E251676FD00F1E9F0 /* Release */,
			);
			defaultConfigurationIsVisible = 0;
			defaultConfigurationName = Release;
		};
/* End XCConfigurationList section */
	};
	rootObject = 3AD99B54251676F800F1E9F0 /* Project object */;
}
